
Microsoft Visual Studio Solution File, Format Version 12.00
# Visual Studio 14
VisualStudioVersion = 14.0.25123.0
MinimumVisualStudioVersion = 10.0.40219.1
Project("{FAE04EC0-301F-11D3-BF4B-00C04F79EFBC}") = "WpfApplication3", "WpfApplication3\WpfApplication3.csproj", "{6B14BBEF-50C0-4B00-B9F5-B95058DD294B}"
	ProjectSection(ProjectDependencies) = postProject
		{F2451155-A474-4622-95A5-7D1D358ADB4B} = {F2451155-A474-4622-95A5-7D1D358ADB4B}
	EndProjectSection
EndProject
Project("{FAE04EC0-301F-11D3-BF4B-00C04F79EFBC}") = "WCFCliente", "..\WCFCliente_Hardcode\WCFCliente\WCFCliente.csproj", "{F2451155-A474-4622-95A5-7D1D358ADB4B}"
EndProject
Global
	GlobalSection(SolutionConfigurationPlatforms) = preSolution
		Debug|Any CPU = Debug|Any CPU
		Release|Any CPU = Release|Any CPU
	EndGlobalSection
	GlobalSection(ProjectConfigurationPlatforms) = postSolution
		{6B14BBEF-50C0-4B00-B9F5-B95058DD294B}.Debug|Any CPU.ActiveCfg = Debug|Any CPU
		{6B14BBEF-50C0-4B00-B9F5-B95058DD294B}.Debug|Any CPU.Build.0 = Debug|Any CPU
		{6B14BBEF-50C0-4B00-B9F5-B95058DD294B}.Release|Any CPU.ActiveCfg = Release|Any CPU
		{6B14BBEF-50C0-4B00-B9F5-B95058DD294B}.Release|Any CPU.Build.0 = Release|Any CPU
		{F2451155-A474-4622-95A5-7D1D358ADB4B}.Debug|Any CPU.ActiveCfg = Debug|Any CPU
		{F2451155-A474-4622-95A5-7D1D358ADB4B}.Debug|Any CPU.Build.0 = Debug|Any CPU
		{F2451155-A474-4622-95A5-7D1D358ADB4B}.Release|Any CPU.ActiveCfg = Release|Any CPU
		{F2451155-A474-4622-95A5-7D1D358ADB4B}.Release|Any CPU.Build.0 = Release|Any CPU
	EndGlobalSection
	GlobalSection(SolutionProperties) = preSolution
		HideSolutionNode = FALSE
	EndGlobalSection
EndGlobal
